
Microsoft Visual Studio Solution File, Format Version 12.00
# Visual Studio Version 17
VisualStudioVersion = 17.0.32112.339
MinimumVisualStudioVersion = 10.0.40219.1
Project("{FAE04EC0-301F-11D3-BF4B-00C04F79EFBC}") = "Test live share", "Test live share\Test live share.csproj", "{50EBBD7B-12E0-4731-B1DA-5460DC932C6B}"
EndProject
Global
	GlobalSection(SolutionConfigurationPlatforms) = preSolution
		Debug|Any CPU = Debug|Any CPU
		Release|Any CPU = Release|Any CPU
	EndGlobalSection
	GlobalSection(ProjectConfigurationPlatforms) = postSolution
		{50EBBD7B-12E0-4731-B1DA-5460DC932C6B}.Debug|Any CPU.ActiveCfg = Debug|Any CPU
		{50EBBD7B-12E0-4731-B1DA-5460DC932C6B}.Debug|Any CPU.Build.0 = Debug|Any CPU
		{50EBBD7B-12E0-4731-B1DA-5460DC932C6B}.Release|Any CPU.ActiveCfg = Release|Any CPU
		{50EBBD7B-12E0-4731-B1DA-5460DC932C6B}.Release|Any CPU.Build.0 = Release|Any CPU
	EndGlobalSection
	GlobalSection(SolutionProperties) = preSolution
		HideSolutionNode = FALSE
	EndGlobalSection
	GlobalSection(ExtensibilityGlobals) = postSolution
		SolutionGuid = {8C8BBB25-4F59-4761-8CEA-E8AB0A0663D2}
	EndGlobalSection
EndGlobal
